// !$*UTF8*$!
{
	archiveVersion = 1;
	classes = {
	};
	objectVersion = 56;
	objects = {

/* Begin PBXBuildFile section */
		1FB8D9C429560AC8005ADA46 /* ContactListSwiftUIApp.swift in Sources */ = {isa = PBXBuildFile; fileRef = 1FB8D9C329560AC8005ADA46 /* ContactListSwiftUIApp.swift */; };
		1FB8D9C629560AC8005ADA46 /* ContentView.swift in Sources */ = {isa = PBXBuildFile; fileRef = 1FB8D9C529560AC8005ADA46 /* ContentView.swift */; };
		1FB8D9C829560ACB005ADA46 /* Assets.xcassets in Resources */ = {isa = PBXBuildFile; fileRef = 1FB8D9C729560ACB005ADA46 /* Assets.xcassets */; };
		1FB8D9CB29560ACB005ADA46 /* Preview Assets.xcassets in Resources */ = {isa = PBXBuildFile; fileRef = 1FB8D9CA29560ACB005ADA46 /* Preview Assets.xcassets */; };
		1FB8D9D229560AE9005ADA46 /* DataStore.swift in Sources */ = {isa = PBXBuildFile; fileRef = 1FB8D9D129560AE9005ADA46 /* DataStore.swift */; };
		1FB8D9D429560B05005ADA46 /* Person.swift in Sources */ = {isa = PBXBuildFile; fileRef = 1FB8D9D329560B05005ADA46 /* Person.swift */; };
		1FB8D9D629560C5C005ADA46 /* ContactListView.swift in Sources */ = {isa = PBXBuildFile; fileRef = 1FB8D9D529560C5C005ADA46 /* ContactListView.swift */; };
		1FB8D9D8295705E0005ADA46 /* PersonRowView.swift in Sources */ = {isa = PBXBuildFile; fileRef = 1FB8D9D7295705E0005ADA46 /* PersonRowView.swift */; };
		1FB8D9DA29570988005ADA46 /* PersonDetailsView.swift in Sources */ = {isa = PBXBuildFile; fileRef = 1FB8D9D929570988005ADA46 /* PersonDetailsView.swift */; };
		1FB8D9DC29571199005ADA46 /* NumbersView.swift in Sources */ = {isa = PBXBuildFile; fileRef = 1FB8D9DB29571199005ADA46 /* NumbersView.swift */; };
		1FB8D9DE29571F74005ADA46 /* PersonDataView.swift in Sources */ = {isa = PBXBuildFile; fileRef = 1FB8D9DD29571F74005ADA46 /* PersonDataView.swift */; };
/* End PBXBuildFile section */

/* Begin PBXFileReference section */
		1FB8D9C029560AC8005ADA46 /* ContactListSwiftUI.app */ = {isa = PBXFileReference; explicitFileType = wrapper.application; includeInIndex = 0; path = ContactListSwiftUI.app; sourceTree = BUILT_PRODUCTS_DIR; };
		1FB8D9C329560AC8005ADA46 /* ContactListSwiftUIApp.swift */ = {isa = PBXFileReference; lastKnownFileType = sourcecode.swift; path = ContactListSwiftUIApp.swift; sourceTree = "<group>"; };
		1FB8D9C529560AC8005ADA46 /* ContentView.swift */ = {isa = PBXFileReference; lastKnownFileType = sourcecode.swift; path = ContentView.swift; sourceTree = "<group>"; };
		1FB8D9C729560ACB005ADA46 /* Assets.xcassets */ = {isa = PBXFileReference; lastKnownFileType = folder.assetcatalog; path = Assets.xcassets; sourceTree = "<group>"; };
		1FB8D9CA29560ACB005ADA46 /* Preview Assets.xcassets */ = {isa = PBXFileReference; lastKnownFileType = folder.assetcatalog; path = "Preview Assets.xcassets"; sourceTree = "<group>"; };
		1FB8D9D129560AE9005ADA46 /* DataStore.swift */ = {isa = PBXFileReference; lastKnownFileType = sourcecode.swift; path = DataStore.swift; sourceTree = "<group>"; };
		1FB8D9D329560B05005ADA46 /* Person.swift */ = {isa = PBXFileReference; lastKnownFileType = sourcecode.swift; path = Person.swift; sourceTree = "<group>"; };
		1FB8D9D529560C5C005ADA46 /* ContactListView.swift */ = {isa = PBXFileReference; lastKnownFileType = sourcecode.swift; path = ContactListView.swift; sourceTree = "<group>"; };
		1FB8D9D7295705E0005ADA46 /* PersonRowView.swift */ = {isa = PBXFileReference; lastKnownFileType = sourcecode.swift; path = PersonRowView.swift; sourceTree = "<group>"; };
		1FB8D9D929570988005ADA46 /* PersonDetailsView.swift */ = {isa = PBXFileReference; lastKnownFileType = sourcecode.swift; path = PersonDetailsView.swift; sourceTree = "<group>"; };
		1FB8D9DB29571199005ADA46 /* NumbersView.swift */ = {isa = PBXFileReference; lastKnownFileType = sourcecode.swift; path = NumbersView.swift; sourceTree = "<group>"; };
		1FB8D9DD29571F74005ADA46 /* PersonDataView.swift */ = {isa = PBXFileReference; lastKnownFileType = sourcecode.swift; path = PersonDataView.swift; sourceTree = "<group>"; };
/* End PBXFileReference section */

/* Begin PBXFrameworksBuildPhase section */
		1FB8D9BD29560AC8005ADA46 /* Frameworks */ = {
			isa = PBXFrameworksBuildPhase;
			buildActionMask = 2147483647;
			files = (
			);
			runOnlyForDeploymentPostprocessing = 0;
		};
/* End PBXFrameworksBuildPhase section */

/* Begin PBXGroup section */
		1FB8D9B729560AC8005ADA46 = {
			isa = PBXGroup;
			children = (
				1FB8D9C229560AC8005ADA46 /* ContactListSwiftUI */,
				1FB8D9C129560AC8005ADA46 /* Products */,
			);
			sourceTree = "<group>";
		};
		1FB8D9C129560AC8005ADA46 /* Products */ = {
			isa = PBXGroup;
			children = (
				1FB8D9C029560AC8005ADA46 /* ContactListSwiftUI.app */,
			);
			name = Products;
			sourceTree = "<group>";
		};
		1FB8D9C229560AC8005ADA46 /* ContactListSwiftUI */ = {
			isa = PBXGroup;
			children = (
				1FB8D9C329560AC8005ADA46 /* ContactListSwiftUIApp.swift */,
				1FB8D9E229572267005ADA46 /* Views */,
				1FB8D9E02957219B005ADA46 /* Services */,
				1FB8D9DF29572189005ADA46 /* Models */,
				1FB8D9C729560ACB005ADA46 /* Assets.xcassets */,
				1FB8D9C929560ACB005ADA46 /* Preview Content */,
			);
			path = ContactListSwiftUI;
			sourceTree = "<group>";
		};
		1FB8D9C929560ACB005ADA46 /* Preview Content */ = {
			isa = PBXGroup;
			children = (
				1FB8D9CA29560ACB005ADA46 /* Preview Assets.xcassets */,
			);
			path = "Preview Content";
			sourceTree = "<group>";
		};
		1FB8D9DF29572189005ADA46 /* Models */ = {
			isa = PBXGroup;
			children = (
				1FB8D9D329560B05005ADA46 /* Person.swift */,
			);
			path = Models;
			sourceTree = "<group>";
		};
		1FB8D9E02957219B005ADA46 /* Services */ = {
			isa = PBXGroup;
			children = (
				1FB8D9D129560AE9005ADA46 /* DataStore.swift */,
			);
			path = Services;
			sourceTree = "<group>";
		};
		1FB8D9E229572267005ADA46 /* Views */ = {
			isa = PBXGroup;
			children = (
				1FB8D9C529560AC8005ADA46 /* ContentView.swift */,
				1FB8D9D529560C5C005ADA46 /* ContactListView.swift */,
				1FB8D9DB29571199005ADA46 /* NumbersView.swift */,
				1FB8D9DD29571F74005ADA46 /* PersonDataView.swift */,
				1FB8D9D929570988005ADA46 /* PersonDetailsView.swift */,
				1FB8D9D7295705E0005ADA46 /* PersonRowView.swift */,
			);
			path = Views;
			sourceTree = "<group>";
		};
/* End PBXGroup section */

/* Begin PBXNativeTarget section */
		1FB8D9BF29560AC8005ADA46 /* ContactListSwiftUI */ = {
			isa = PBXNativeTarget;
			buildConfigurationList = 1FB8D9CE29560ACB005ADA46 /* Build configuration list for PBXNativeTarget "ContactListSwiftUI" */;
			buildPhases = (
				1FB8D9BC29560AC8005ADA46 /* Sources */,
				1FB8D9BD29560AC8005ADA46 /* Frameworks */,
				1FB8D9BE29560AC8005ADA46 /* Resources */,
			);
			buildRules = (
			);
			dependencies = (
			);
			name = ContactListSwiftUI;
			productName = ContactListSwiftUI;
			productReference = 1FB8D9C029560AC8005ADA46 /* ContactListSwiftUI.app */;
			productType = "com.apple.product-type.application";
		};
/* End PBXNativeTarget section */

/* Begin PBXProject section */
		1FB8D9B829560AC8005ADA46 /* Project object */ = {
			isa = PBXProject;
			attributes = {
				BuildIndependentTargetsInParallel = 1;
				LastSwiftUpdateCheck = 1400;
				LastUpgradeCheck = 1400;
				TargetAttributes = {
					1FB8D9BF29560AC8005ADA46 = {
						CreatedOnToolsVersion = 14.0;
					};
				};
			};
			buildConfigurationList = 1FB8D9BB29560AC8005ADA46 /* Build configuration list for PBXProject "ContactListSwiftUI" */;
			compatibilityVersion = "Xcode 14.0";
			developmentRegion = en;
			hasScannedForEncodings = 0;
			knownRegions = (
				en,
				Base,
			);
			mainGroup = 1FB8D9B729560AC8005ADA46;
			productRefGroup = 1FB8D9C129560AC8005ADA46 /* Products */;
			projectDirPath = "";
			projectRoot = "";
			targets = (
				1FB8D9BF29560AC8005ADA46 /* ContactListSwiftUI */,
			);
		};
/* End PBXProject section */

/* Begin PBXResourcesBuildPhase section */
		1FB8D9BE29560AC8005ADA46 /* Resources */ = {
			isa = PBXResourcesBuildPhase;
			buildActionMask = 2147483647;
			files = (
				1FB8D9CB29560ACB005ADA46 /* Preview Assets.xcassets in Resources */,
				1FB8D9C829560ACB005ADA46 /* Assets.xcassets in Resources */,
			);
			runOnlyForDeploymentPostprocessing = 0;
		};
/* End PBXResourcesBuildPhase section */

/* Begin PBXSourcesBuildPhase section */
		1FB8D9BC29560AC8005ADA46 /* Sources */ = {
			isa = PBXSourcesBuildPhase;
			buildActionMask = 2147483647;
			files = (
				1FB8D9D629560C5C005ADA46 /* ContactListView.swift in Sources */,
				1FB8D9C629560AC8005ADA46 /* ContentView.swift in Sources */,
				1FB8D9D229560AE9005ADA46 /* DataStore.swift in Sources */,
				1FB8D9DA29570988005ADA46 /* PersonDetailsView.swift in Sources */,
				1FB8D9DE29571F74005ADA46 /* PersonDataView.swift in Sources */,
				1FB8D9D429560B05005ADA46 /* Person.swift in Sources */,
				1FB8D9D8295705E0005ADA46 /* PersonRowView.swift in Sources */,
				1FB8D9C429560AC8005ADA46 /* ContactListSwiftUIApp.swift in Sources */,
				1FB8D9DC29571199005ADA46 /* NumbersView.swift in Sources */,
			);
			runOnlyForDeploymentPostprocessing = 0;
		};
/* End PBXSourcesBuildPhase section */

/* Begin XCBuildConfiguration section */
		1FB8D9CC29560ACB005ADA46 /* Debug */ = {
			isa = XCBuildConfiguration;
			buildSettings = {
				ALWAYS_SEARCH_USER_PATHS = NO;
				CLANG_ANALYZER_NONNULL = YES;
				CLANG_ANALYZER_NUMBER_OBJECT_CONVERSION = YES_AGGRESSIVE;
				CLANG_CXX_LANGUAGE_STANDARD = "gnu++20";
				CLANG_ENABLE_MODULES = YES;
				CLANG_ENABLE_OBJC_ARC = YES;
				CLANG_ENABLE_OBJC_WEAK = YES;
				CLANG_WARN_BLOCK_CAPTURE_AUTORELEASING = YES;
				CLANG_WARN_BOOL_CONVERSION = YES;
				CLANG_WARN_COMMA = YES;
				CLANG_WARN_CONSTANT_CONVERSION = YES;
				CLANG_WARN_DEPRECATED_OBJC_IMPLEMENTATIONS = YES;
				CLANG_WARN_DIRECT_OBJC_ISA_USAGE = YES_ERROR;
				CLANG_WARN_DOCUMENTATION_COMMENTS = YES;
				CLANG_WARN_EMPTY_BODY = YES;
				CLANG_WARN_ENUM_CONVERSION = YES;
				CLANG_WARN_INFINITE_RECURSION = YES;
				CLANG_WARN_INT_CONVERSION = YES;
				CLANG_WARN_NON_LITERAL_NULL_CONVERSION = YES;
				CLANG_WARN_OBJC_IMPLICIT_RETAIN_SELF = YES;
				CLANG_WARN_OBJC_LITERAL_CONVERSION = YES;
				CLANG_WARN_OBJC_ROOT_CLASS = YES_ERROR;
				CLANG_WARN_QUOTED_INCLUDE_IN_FRAMEWORK_HEADER = YES;
				CLANG_WARN_RANGE_LOOP_ANALYSIS = YES;
				CLANG_WARN_STRICT_PROTOTYPES = YES;
				CLANG_WARN_SUSPICIOUS_MOVE = YES;
				CLANG_WARN_UNGUARDED_AVAILABILITY = YES_AGGRESSIVE;
				CLANG_WARN_UNREACHABLE_CODE = YES;
				CLANG_WARN__DUPLICATE_METHOD_MATCH = YES;
				COPY_PHASE_STRIP = NO;
				DEBUG_INFORMATION_FORMAT = dwarf;
				ENABLE_STRICT_OBJC_MSGSEND = YES;
				ENABLE_TESTABILITY = YES;
				GCC_C_LANGUAGE_STANDARD = gnu11;
				GCC_DYNAMIC_NO_PIC = NO;
				GCC_NO_COMMON_BLOCKS = YES;
				GCC_OPTIMIZATION_LEVEL = 0;
				GCC_PREPROCESSOR_DEFINITIONS = (
					"DEBUG=1",
					"$(inherited)",
				);
				GCC_WARN_64_TO_32_BIT_CONVERSION = YES;
				GCC_WARN_ABOUT_RETURN_TYPE = YES_ERROR;
				GCC_WARN_UNDECLARED_SELECTOR = YES;
				GCC_WARN_UNINITIALIZED_AUTOS = YES_AGGRESSIVE;
				GCC_WARN_UNUSED_FUNCTION = YES;
				GCC_WARN_UNUSED_VARIABLE = YES;
				IPHONEOS_DEPLOYMENT_TARGET = 16.0;
				MTL_ENABLE_DEBUG_INFO = INCLUDE_SOURCE;
				MTL_FAST_MATH = YES;
				ONLY_ACTIVE_ARCH = YES;
				SDKROOT = iphoneos;
				SWIFT_ACTIVE_COMPILATION_CONDITIONS = DEBUG;
				SWIFT_OPTIMIZATION_LEVEL = "-Onone";
			};
			name = Debug;
		};
		1FB8D9CD29560ACB005ADA46 /* Release */ = {
			isa = XCBuildConfiguration;
			buildSettings = {
				ALWAYS_SEARCH_USER_PATHS = NO;
				CLANG_ANALYZER_NONNULL = YES;
				CLANG_ANALYZER_NUMBER_OBJECT_CONVERSION = YES_AGGRESSIVE;
				CLANG_CXX_LANGUAGE_STANDARD = "gnu++20";
				CLANG_ENABLE_MODULES = YES;
				CLANG_ENABLE_OBJC_ARC = YES;
				CLANG_ENABLE_OBJC_WEAK = YES;
				CLANG_WARN_BLOCK_CAPTURE_AUTORELEASING = YES;
				CLANG_WARN_BOOL_CONVERSION = YES;
				CLANG_WARN_COMMA = YES;
				CLANG_WARN_CONSTANT_CONVERSION = YES;
				CLANG_WARN_DEPRECATED_OBJC_IMPLEMENTATIONS = YES;
				CLANG_WARN_DIRECT_OBJC_ISA_USAGE = YES_ERROR;
				CLANG_WARN_DOCUMENTATION_COMMENTS = YES;
				CLANG_WARN_EMPTY_BODY = YES;
				CLANG_WARN_ENUM_CONVERSION = YES;
				CLANG_WARN_INFINITE_RECURSION = YES;
				CLANG_WARN_INT_CONVERSION = YES;
				CLANG_WARN_NON_LITERAL_NULL_CONVERSION = YES;
				CLANG_WARN_OBJC_IMPLICIT_RETAIN_SELF = YES;
				CLANG_WARN_OBJC_LITERAL_CONVERSION = YES;
				CLANG_WARN_OBJC_ROOT_CLASS = YES_ERROR;
				CLANG_WARN_QUOTED_INCLUDE_IN_FRAMEWORK_HEADER = YES;
				CLANG_WARN_RANGE_LOOP_ANALYSIS = YES;
				CLANG_WARN_STRICT_PROTOTYPES = YES;
				CLANG_WARN_SUSPICIOUS_MOVE = YES;
				CLANG_WARN_UNGUARDED_AVAILABILITY = YES_AGGRESSIVE;
				CLANG_WARN_UNREACHABLE_CODE = YES;
				CLANG_WARN__DUPLICATE_METHOD_MATCH = YES;
				COPY_PHASE_STRIP = NO;
				DEBUG_INFORMATION_FORMAT = "dwarf-with-dsym";
				ENABLE_NS_ASSERTIONS = NO;
				ENABLE_STRICT_OBJC_MSGSEND = YES;
				GCC_C_LANGUAGE_STANDARD = gnu11;
				GCC_NO_COMMON_BLOCKS = YES;
				GCC_WARN_64_TO_32_BIT_CONVERSION = YES;
				GCC_WARN_ABOUT_RETURN_TYPE = YES_ERROR;
				GCC_WARN_UNDECLARED_SELECTOR = YES;
				GCC_WARN_UNINITIALIZED_AUTOS = YES_AGGRESSIVE;
				GCC_WARN_UNUSED_FUNCTION = YES;
				GCC_WARN_UNUSED_VARIABLE = YES;
				IPHONEOS_DEPLOYMENT_TARGET = 16.0;
				MTL_ENABLE_DEBUG_INFO = NO;
				MTL_FAST_MATH = YES;
				SDKROOT = iphoneos;
				SWIFT_COMPILATION_MODE = wholemodule;
				SWIFT_OPTIMIZATION_LEVEL = "-O";
				VALIDATE_PRODUCT = YES;
			};
			name = Release;
		};
		1FB8D9CF29560ACB005ADA46 /* Debug */ = {
			isa = XCBuildConfiguration;
			buildSettings = {
				ASSETCATALOG_COMPILER_APPICON_NAME = AppIcon;
				ASSETCATALOG_COMPILER_GLOBAL_ACCENT_COLOR_NAME = AccentColor;
				CODE_SIGN_STYLE = Automatic;
				CURRENT_PROJECT_VERSION = 1;
				DEVELOPMENT_ASSET_PATHS = "\"ContactListSwiftUI/Preview Content\"";
				DEVELOPMENT_TEAM = 22NTM9AJGF;
				ENABLE_PREVIEWS = YES;
				GENERATE_INFOPLIST_FILE = YES;
				INFOPLIST_KEY_UIApplicationSceneManifest_Generation = YES;
				INFOPLIST_KEY_UIApplicationSupportsIndirectInputEvents = YES;
				INFOPLIST_KEY_UILaunchScreen_Generation = YES;
				INFOPLIST_KEY_UISupportedInterfaceOrientations_iPad = "UIInterfaceOrientationPortrait UIInterfaceOrientationPortraitUpsideDown UIInterfaceOrientationLandscapeLeft UIInterfaceOrientationLandscapeRight";
				INFOPLIST_KEY_UISupportedInterfaceOrientations_iPhone = "UIInterfaceOrientationPortrait UIInterfaceOrientationLandscapeLeft UIInterfaceOrientationLandscapeRight";
				LD_RUNPATH_SEARCH_PATHS = (
					"$(inherited)",
					"@executable_path/Frameworks",
				);
				MARKETING_VERSION = 1.0;
				PRODUCT_BUNDLE_IDENTIFIER = "ru.Alexander-Mayyura.ContactListSwiftUI";
				PRODUCT_NAME = "$(TARGET_NAME)";
				SWIFT_EMIT_LOC_STRINGS = YES;
				SWIFT_VERSION = 5.0;
				TARGETED_DEVICE_FAMILY = "1,2";
			};
			name = Debug;
		};
		1FB8D9D029560ACB005ADA46 /* Release */ = {
			isa = XCBuildConfiguration;
			buildSettings = {
				ASSETCATALOG_COMPILER_APPICON_NAME = AppIcon;
				ASSETCATALOG_COMPILER_GLOBAL_ACCENT_COLOR_NAME = AccentColor;
				CODE_SIGN_STYLE = Automatic;
				CURRENT_PROJECT_VERSION = 1;
				DEVELOPMENT_ASSET_PATHS = "\"ContactListSwiftUI/Preview Content\"";
				DEVELOPMENT_TEAM = 22NTM9AJGF;
				ENABLE_PREVIEWS = YES;
				GENERATE_INFOPLIST_FILE = YES;
				INFOPLIST_KEY_UIApplicationSceneManifest_Generation = YES;
				INFOPLIST_KEY_UIApplicationSupportsIndirectInputEvents = YES;
				INFOPLIST_KEY_UILaunchScreen_Generation = YES;
				INFOPLIST_KEY_UISupportedInterfaceOrientations_iPad = "UIInterfaceOrientationPortrait UIInterfaceOrientationPortraitUpsideDown UIInterfaceOrientationLandscapeLeft UIInterfaceOrientationLandscapeRight";
				INFOPLIST_KEY_UISupportedInterfaceOrientations_iPhone = "UIInterfaceOrientationPortrait UIInterfaceOrientationLandscapeLeft UIInterfaceOrientationLandscapeRight";
				LD_RUNPATH_SEARCH_PATHS = (
					"$(inherited)",
					"@executable_path/Frameworks",
				);
				MARKETING_VERSION = 1.0;
				PRODUCT_BUNDLE_IDENTIFIER = "ru.Alexander-Mayyura.ContactListSwiftUI";
				PRODUCT_NAME = "$(TARGET_NAME)";
				SWIFT_EMIT_LOC_STRINGS = YES;
				SWIFT_VERSION = 5.0;
				TARGETED_DEVICE_FAMILY = "1,2";
			};
			name = Release;
		};
/* End XCBuildConfiguration section */

/* Begin XCConfigurationList section */
		1FB8D9BB29560AC8005ADA46 /* Build configuration list for PBXProject "ContactListSwiftUI" */ = {
			isa = XCConfigurationList;
			buildConfigurations = (
				1FB8D9CC29560ACB005ADA46 /* Debug */,
				1FB8D9CD29560ACB005ADA46 /* Release */,
			);
			defaultConfigurationIsVisible = 0;
			defaultConfigurationName = Release;
		};
		1FB8D9CE29560ACB005ADA46 /* Build configuration list for PBXNativeTarget "ContactListSwiftUI" */ = {
			isa = XCConfigurationList;
			buildConfigurations = (
				1FB8D9CF29560ACB005ADA46 /* Debug */,
				1FB8D9D029560ACB005ADA46 /* Release */,
			);
			defaultConfigurationIsVisible = 0;
			defaultConfigurationName = Release;
		};
/* End XCConfigurationList section */
	};
	rootObject = 1FB8D9B829560AC8005ADA46 /* Project object */;
}
